#MicroXplorer Configuration settings - do not modify
Mcu.Family=STM32F1
ProjectManager.MainLocation=Core/Src
RCC.MCOFreq_Value=72000000
USB_DEVICE.CLASS_NAME_FS=CDC
USART2.IPParameters=VirtualMode
ProjectManager.KeepUserCode=true
Mcu.UserName=STM32F103C8Tx
SPI2.VirtualType=VM_MASTER
PB10.Mode=I2C
ADC1.ContinuousConvMode=ENABLE
ADC1.SamplingTime-6\#ChannelRegularConversion=ADC_SAMPLETIME_239CYCLES_5
RCC.PLLCLKFreq_Value=72000000
PC13-TAMPER-RTC.GPIOParameters=GPIO_PuPd,GPIO_Label,GPIO_ModeDefaultOutputPP
PA14.GPIO_Label=swdclk
ProjectManager.functionlistsort=1-MX_GPIO_Init-GPIO-false-HAL-true,2-SystemClock_Config-RCC-false-HAL-false,3-MX_DMA_Init-DMA-false-HAL-true,4-MX_USART2_UART_Init-USART2-false-HAL-true,5-MX_ADC1_Init-ADC1-false-HAL-true,6-MX_SPI2_Init-SPI2-false-HAL-true,7-MX_USB_DEVICE_Init-USB_DEVICE-false-HAL-false,8-MX_I2C2_Init-I2C2-false-HAL-true,9-MX_TIM4_Init-TIM4-false-HAL-true
PA11.Mode=Device
PA3.GPIOParameters=GPIO_Label
RCC.ADCFreqValue=12000000
PB0.GPIO_Label=ADC_IN_RED
PB6.GPIO_Label=Out_Tip
PB11.Signal=I2C2_SDA
PB13.Signal=SPI2_SCK
PB15.Signal=SPI2_MOSI
PA2.GPIOParameters=GPIO_Label
PC15-OSC32_OUT.GPIO_Label=Led_Blue
PinOutPanel.RotationAngle=0
RCC.SYSCLKSource=RCC_SYSCLKSOURCE_PLLCLK
ProjectManager.StackSize=0x400
PB5.GPIOParameters=GPIO_Label
PD1-OSC_OUT.Locked=true
PD1-OSC_OUT.Signal=RCC_OSC_OUT
Mcu.IP4=RCC
RCC.FCLKCortexFreq_Value=72000000
Mcu.IP5=SPI2
Mcu.IP2=I2C2
NVIC.SVCall_IRQn=true\:0\:0\:false\:false\:true\:false\:false
Mcu.IP3=NVIC
PA15.GPIO_Label=SW_1
PB4.GPIOParameters=GPIO_Label
Mcu.IP0=ADC1
Mcu.IP1=DMA
PA12.Signal=USB_DP
Mcu.UserConstants=
ADC1.Channel-5\#ChannelRegularConversion=ADC_CHANNEL_8
PA10.PinState=GPIO_PIN_SET
Mcu.ThirdPartyNb=0
ADC1.Channel-3\#ChannelRegularConversion=ADC_CHANNEL_6
RCC.HCLKFreq_Value=72000000
Mcu.IPNb=11
ProjectManager.PreviousToolchain=STM32CubeIDE
RCC.APB2TimFreq_Value=72000000
PB6.Signal=GPIO_Output
Dma.ADC1.0.Direction=DMA_PERIPH_TO_MEMORY
ADC1.Channel-2\#ChannelRegularConversion=ADC_CHANNEL_5
SH.ADCx_IN7.ConfNb=1
PA8.GPIOParameters=GPIO_Label
Mcu.Pin6=PA1
Mcu.Pin7=PA2
Mcu.Pin8=PA3
Mcu.Pin9=PA4
Dma.ADC1.0.MemDataAlignment=DMA_MDATAALIGN_HALFWORD
RCC.AHBFreq_Value=72000000
SPI2.BaudRatePrescaler=SPI_BAUDRATEPRESCALER_32
Mcu.Pin0=PC13-TAMPER-RTC
Mcu.Pin1=PC14-OSC32_IN
GPIO.groupedBy=Group By Peripherals
Mcu.Pin2=PC15-OSC32_OUT
Mcu.Pin3=PD0-OSC_IN
Mcu.Pin4=PD1-OSC_OUT
PA0-WKUP.GPIOParameters=GPIO_Label
Mcu.Pin5=PA0-WKUP
ProjectManager.ProjectBuild=false
NVIC.UsageFault_IRQn=true\:0\:0\:false\:false\:true\:false\:false
NVIC.DebugMonitor_IRQn=true\:0\:0\:false\:false\:true\:false\:false
PB2.Signal=GPIO_Output
PA8.Locked=true
Mcu.IP10=USB_DEVICE
NVIC.SysTick_IRQn=true\:0\:0\:false\:false\:true\:false\:true
RCC.PLLMUL=RCC_PLL_MUL9
ProjectManager.FirmwarePackage=STM32Cube FW_F1 V1.8.4
ADC1.SamplingTime-4\#ChannelRegularConversion=ADC_SAMPLETIME_239CYCLES_5
MxDb.Version=DB.6.0.21
ADC1.Channel-6\#ChannelRegularConversion=ADC_CHANNEL_9
PB0.GPIOParameters=GPIO_Label
PB3.GPIO_PuPd=GPIO_PULLUP
ADC1.Rank-2\#ChannelRegularConversion=2
PA1.GPIOParameters=GPIO_Label
ProjectManager.BackupPrevious=false
PA14.Mode=Serial_Wire
PB14.Mode=Full_Duplex_Master
PB1.GPIO_Label=ADC_IN_GREEN
Dma.ADC1.0.PeriphInc=DMA_PINC_DISABLE
File.Version=6
PA10.GPIO_Label=USB_PULLUP
SH.ADCx_IN8.0=ADC1_IN8,IN8
SPI2.CalculateBaudRate=1.125 MBits/s
PB3.GPIOParameters=GPIO_PuPd,GPIO_Label
PB7.Signal=GPIO_Output
PA8.Signal=GPIO_Input
SH.ADCx_IN4.ConfNb=1
PB6.Locked=true
NVIC.PendSV_IRQn=true\:0\:0\:false\:false\:true\:false\:false
TIM4.Period=65535
SH.ADCx_IN6.ConfNb=1
Dma.RequestsNb=1
PB6.GPIOParameters=GPIO_Label
ProjectManager.HalAssertFull=false
PB0.Locked=true
PC14-OSC32_IN.GPIOParameters=GPIO_PuPd,GPIO_Label,GPIO_ModeDefaultOutputPP
ProjectManager.ProjectName=Boss103c8t6
PA13.GPIOParameters=GPIO_Label
RCC.PLLMCOFreq_Value=36000000
PB7.GPIO_Label=Out_Ring
Mcu.Package=LQFP48
PB1.Signal=ADCx_IN9
PA6.Signal=ADCx_IN6
SPI2.Mode=SPI_MODE_MASTER
USART2.VirtualMode=VM_ASYNC
PC13-TAMPER-RTC.GPIO_PuPd=GPIO_PULLUP
PA14.Locked=true
ProjectManager.ToolChainLocation=
PA2.GPIO_Label=Out_Midi
VP_SYS_VS_Systick.Signal=SYS_VS_Systick
PA10.Signal=GPIO_Output
PA15.Signal=GPIO_Input
VP_USB_DEVICE_VS_USB_DEVICE_CDC_FS.Signal=USB_DEVICE_VS_USB_DEVICE_CDC_FS
PA5.GPIOParameters=GPIO_Label
SH.ADCx_IN9.0=ADC1_IN9,IN9
PB5.GPIO_Label=In_Ring
PC15-OSC32_OUT.GPIO_ModeDefaultOutputPP=GPIO_MODE_OUTPUT_OD
PC14-OSC32_IN.GPIO_ModeDefaultOutputPP=GPIO_MODE_OUTPUT_OD
RCC.APB1TimFreq_Value=72000000
NVIC.BusFault_IRQn=true\:0\:0\:false\:false\:true\:false\:false
PC14-OSC32_IN.GPIO_Label=Led_Green
SPI2.Direction=SPI_DIRECTION_2LINES
SH.ADCx_IN9.ConfNb=1
PB10.GPIOParameters=GPIO_Label
PB13.Mode=Full_Duplex_Master
PC15-OSC32_OUT.GPIOParameters=GPIO_PuPd,GPIO_Label,GPIO_ModeDefaultOutputPP
ADC1.Rank-6\#ChannelRegularConversion=6
Dma.Request0=ADC1
PA4.GPIO_Label=ADC_0
ProjectManager.CustomerFirmwarePackage=
PC14-OSC32_IN.Locked=true
ADC1.Rank-4\#ChannelRegularConversion=4
PB3.Locked=true
PB4.Signal=GPIO_Input
PA3.Signal=USART2_RX
PB3.GPIO_Label=SW_2
ProjectManager.ProjectFileName=Boss103c8t6.ioc
Dma.ADC1.0.Instance=DMA1_Channel1
PD1-OSC_OUT.Mode=HSE-External-Oscillator
ADC1.Channel-4\#ChannelRegularConversion=ADC_CHANNEL_7
PA15.GPIOParameters=GPIO_PuPd,GPIO_Label
Mcu.PinsNb=37
ProjectManager.NoMain=false
USB_DEVICE.VirtualModeFS=Cdc_FS
SH.ADCx_IN6.0=ADC1_IN6,IN6
ADC1.IPParameters=Rank-1\#ChannelRegularConversion,Channel-1\#ChannelRegularConversion,SamplingTime-1\#ChannelRegularConversion,NbrOfConversionFlag,ContinuousConvMode,NbrOfConversion,Rank-2\#ChannelRegularConversion,Channel-2\#ChannelRegularConversion,SamplingTime-2\#ChannelRegularConversion,Rank-3\#ChannelRegularConversion,Channel-3\#ChannelRegularConversion,SamplingTime-3\#ChannelRegularConversion,Rank-4\#ChannelRegularConversion,Channel-4\#ChannelRegularConversion,SamplingTime-4\#ChannelRegularConversion,Rank-5\#ChannelRegularConversion,Channel-5\#ChannelRegularConversion,SamplingTime-5\#ChannelRegularConversion,Rank-6\#ChannelRegularConversion,Channel-6\#ChannelRegularConversion,SamplingTime-6\#ChannelRegularConversion,master,DataAlign
PC13-TAMPER-RTC.Signal=GPIO_Output
RCC.USBPrescaler=RCC_USBCLKSOURCE_PLL_DIV1_5
ProjectManager.DefaultFWLocation=true
PD0-OSC_IN.Signal=RCC_OSC_IN
PB12.Locked=true
ProjectManager.DeletePrevious=true
RCC.APB1CLKDivider=RCC_HCLK_DIV2
PC14-OSC32_IN.Signal=GPIO_Output
PB10.Locked=true
USB_DEVICE.IPParameters=VirtualMode,VirtualModeFS,CLASS_NAME_FS
ADC1.SamplingTime-2\#ChannelRegularConversion=ADC_SAMPLETIME_239CYCLES_5
RCC.FamilyName=M
PA0-WKUP.GPIO_Label=Out_Led_Green
PA0-WKUP.Signal=GPIO_Output
PA0-WKUP.Locked=true
RCC.ADCPresc=RCC_ADCPCLK2_DIV6
PA3.Mode=Asynchronous
PA13.Signal=SYS_JTMS-SWDIO
Dma.ADC1.0.PeriphDataAlignment=DMA_PDATAALIGN_HALFWORD
PA15.Locked=true
PA8.GPIO_Label=USB_VBUS
PC15-OSC32_OUT.Locked=true
PB11.Mode=I2C
VP_TIM4_VS_ClockSourceINT.Signal=TIM4_VS_ClockSourceINT
ProjectManager.TargetToolchain=STM32CubeIDE
TIM4.IPParameters=Prescaler,Period
PB10.GPIO_Label=SCL
SH.ADCx_IN7.0=ADC1_IN7,IN7
Dma.ADC1.0.Mode=DMA_CIRCULAR
PB7.GPIOParameters=GPIO_Label
VP_USB_DEVICE_VS_USB_DEVICE_CDC_FS.Mode=CDC_FS
Dma.ADC1.0.Priority=DMA_PRIORITY_LOW
PB2.GPIOParameters=GPIO_Label
ADC1.Channel-1\#ChannelRegularConversion=ADC_CHANNEL_4
PB5.Locked=true
SPI2.IPParameters=VirtualType,Mode,Direction,CalculateBaudRate,BaudRatePrescaler
ProjectManager.RegisterCallBack=
PC13-TAMPER-RTC.Locked=true
RCC.USBFreq_Value=48000000
TIM4.Prescaler=35999
PC15-OSC32_OUT.Signal=GPIO_Output
PA1.Signal=GPIO_Output
PB1.Locked=true
PD0-OSC_IN.Mode=HSE-External-Oscillator
PB10.Signal=I2C2_SCL
PB14.Signal=SPI2_MISO
PA5.Signal=ADCx_IN5
board=custom
ProjectManager.LastFirmware=false
PC13-TAMPER-RTC.GPIO_Label=Led_Red
PB15.Mode=Full_Duplex_Master
RCC.VCOOutput2Freq_Value=8000000
Dma.ADC1.0.RequestParameters=Instance,Direction,PeriphInc,MemInc,PeriphDataAlignment,MemDataAlignment,Mode,Priority
RCC.APB2Freq_Value=72000000
MxCube.Version=6.2.1
PB4.GPIO_Label=In_Tip
Mcu.Pin35=VP_TIM4_VS_ClockSourceINT
Mcu.Pin36=VP_USB_DEVICE_VS_USB_DEVICE_CDC_FS
NVIC.USB_LP_CAN1_RX0_IRQn=true\:0\:0\:false\:false\:true\:false\:true
Mcu.Pin30=PB4
PA1.GPIO_Label=Out_Led_Red
PA10.GPIOParameters=PinState,GPIO_Label
VP_SYS_VS_Systick.Mode=SysTick
Mcu.Pin33=PB7
Mcu.Pin34=VP_SYS_VS_Systick
Mcu.Pin31=PB5
SH.ADCx_IN4.0=ADC1_IN4,IN4
Mcu.Pin32=PB6
PC15-OSC32_OUT.GPIO_PuPd=GPIO_PULLUP
NVIC.NonMaskableInt_IRQn=true\:0\:0\:false\:false\:true\:false\:false
PA4.GPIOParameters=GPIO_Label
SH.ADCx_IN8.ConfNb=1
ADC1.NbrOfConversion=6
PA13.Mode=Serial_Wire
ProjectManager.FreePins=false
RCC.IPParameters=ADCFreqValue,ADCPresc,AHBFreq_Value,APB1CLKDivider,APB1Freq_Value,APB1TimFreq_Value,APB2Freq_Value,APB2TimFreq_Value,FCLKCortexFreq_Value,FamilyName,HCLKFreq_Value,MCOFreq_Value,PLLCLKFreq_Value,PLLMCOFreq_Value,PLLMUL,SYSCLKFreq_VALUE,SYSCLKSource,TimSysFreq_Value,USBFreq_Value,USBPrescaler,VCOOutput2Freq_Value
ProjectManager.AskForMigrate=true
Mcu.Name=STM32F103C(8-B)Tx
Mcu.Pin26=PA13
Mcu.Pin27=PA14
PA2.Signal=USART2_TX
Mcu.Pin24=PA11
PA13.GPIO_Label=swdio
ProjectManager.UnderRoot=true
Mcu.Pin25=PA12
PB2.Locked=true
Mcu.IP8=USART2
Mcu.IP9=USB
Mcu.Pin28=PA15
Mcu.IP6=SYS
Mcu.Pin29=PB3
Mcu.IP7=TIM4
ProjectManager.CoupleFile=false
PB4.Locked=true
PB3.Signal=GPIO_Input
PA4.Signal=ADCx_IN4
ADC1.SamplingTime-1\#ChannelRegularConversion=ADC_SAMPLETIME_239CYCLES_5
RCC.SYSCLKFreq_VALUE=72000000
PC13-TAMPER-RTC.GPIO_ModeDefaultOutputPP=GPIO_MODE_OUTPUT_OD
Mcu.Pin22=PA8
PB5.Signal=GPIO_Input
Mcu.Pin23=PA10
RCC.TimSysFreq_Value=72000000
PA1.Locked=true
PA7.GPIO_Label=ADC_3
Mcu.Pin20=PB14
ADC1.master=1
Mcu.Pin21=PB15
PA12.Mode=Device
PA5.GPIO_Label=ADC_1
PA10.Locked=true
ADC1.Rank-3\#ChannelRegularConversion=3
ADC1.SamplingTime-3\#ChannelRegularConversion=ADC_SAMPLETIME_239CYCLES_5
NVIC.ForceEnableDMAVector=true
KeepUserPlacement=false
PA14.GPIOParameters=GPIO_Label
NVIC.MemoryManagement_IRQn=true\:0\:0\:false\:false\:true\:false\:false
PA13.Locked=true
ProjectManager.CompilerOptimize=6
ADC1.Rank-1\#ChannelRegularConversion=1
PA11.Signal=USB_DM
PA14.Signal=SYS_JTCK-SWCLK
Dma.ADC1.0.MemInc=DMA_MINC_ENABLE
PB2.GPIO_Label=RST
ProjectManager.HeapSize=0x200
Mcu.Pin15=PB2
NVIC.HardFault_IRQn=true\:0\:0\:false\:false\:true\:false\:false
Mcu.Pin16=PB10
Mcu.Pin13=PB0
Mcu.Pin14=PB1
Mcu.Pin19=PB13
ADC1.SamplingTime-5\#ChannelRegularConversion=ADC_SAMPLETIME_239CYCLES_5
ProjectManager.ComputerToolchain=false
Mcu.Pin17=PB11
Mcu.Pin18=PB12
SH.ADCx_IN5.0=ADC1_IN5,IN5
VP_TIM4_VS_ClockSourceINT.Mode=Internal
NVIC.PriorityGroup=NVIC_PRIORITYGROUP_4
ADC1.NbrOfConversionFlag=1
Mcu.Pin11=PA6
Mcu.Pin12=PA7
Mcu.Pin10=PA5
PA15.GPIO_PuPd=GPIO_PULLUP
PB7.Locked=true
PA2.Mode=Asynchronous
PC14-OSC32_IN.GPIO_PuPd=GPIO_PULLUP
SH.ADCx_IN5.ConfNb=1
NVIC.DMA1_Channel1_IRQn=true\:0\:0\:false\:false\:true\:false\:true
ADC1.DataAlign=ADC_DATAALIGN_LEFT
RCC.APB1Freq_Value=36000000
PB0.Signal=ADCx_IN8
USB_DEVICE.VirtualMode=Cdc
PD0-OSC_IN.Locked=true
PA7.GPIOParameters=GPIO_Label
PB11.Locked=true
ADC1.Rank-5\#ChannelRegularConversion=5
ProjectManager.DeviceId=STM32F103C8Tx
PB12.Signal=GPIO_Output
ProjectManager.LibraryCopy=1
PA3.GPIO_Label=In_Midi
PB1.GPIOParameters=GPIO_Label
PA7.Signal=ADCx_IN7
PA6.Locked=true
isbadioc=false
